// !$*UTF8*$!
{
	archiveVersion = 1;
	classes = {
	};
	objectVersion = 46;
	objects = {

/* Begin PBXBuildFile section */
		84E4FA491F60F92B00B5BF38 /* main.m in Sources */ = {isa = PBXBuildFile; fileRef = 84E4FA481F60F92B00B5BF38 /* main.m */; };
		84E4FA4C1F60F92B00B5BF38 /* AppDelegate.m in Sources */ = {isa = PBXBuildFile; fileRef = 84E4FA4B1F60F92B00B5BF38 /* AppDelegate.m */; };
		84E4FA4F1F60F92B00B5BF38 /* ViewController.m in Sources */ = {isa = PBXBuildFile; fileRef = 84E4FA4E1F60F92B00B5BF38 /* ViewController.m */; };
		84E4FA521F60F92B00B5BF38 /* Main.storyboard in Resources */ = {isa = PBXBuildFile; fileRef = 84E4FA501F60F92B00B5BF38 /* Main.storyboard */; };
		84E4FA541F60F92B00B5BF38 /* Assets.xcassets in Resources */ = {isa = PBXBuildFile; fileRef = 84E4FA531F60F92B00B5BF38 /* Assets.xcassets */; };
		84E4FA571F60F92B00B5BF38 /* LaunchScreen.storyboard in Resources */ = {isa = PBXBuildFile; fileRef = 84E4FA551F60F92B00B5BF38 /* LaunchScreen.storyboard */; };
		84E4FA601F60F94A00B5BF38 /* TableViewA.m in Sources */ = {isa = PBXBuildFile; fileRef = 84E4FA5F1F60F94A00B5BF38 /* TableViewA.m */; };
		84E4FA631F60F95900B5BF38 /* TableViewB.m in Sources */ = {isa = PBXBuildFile; fileRef = 84E4FA621F60F95900B5BF38 /* TableViewB.m */; };
		84E4FA671F61149F00B5BF38 /* DayTitleView.m in Sources */ = {isa = PBXBuildFile; fileRef = 84E4FA661F61149F00B5BF38 /* DayTitleView.m */; };
/* End PBXBuildFile section */

/* Begin PBXFileReference section */
		84E4FA441F60F92B00B5BF38 /* TwoTableView.app */ = {isa = PBXFileReference; explicitFileType = wrapper.application; includeInIndex = 0; path = TwoTableView.app; sourceTree = BUILT_PRODUCTS_DIR; };
		84E4FA481F60F92B00B5BF38 /* main.m */ = {isa = PBXFileReference; lastKnownFileType = sourcecode.c.objc; path = main.m; sourceTree = "<group>"; };
		84E4FA4A1F60F92B00B5BF38 /* AppDelegate.h */ = {isa = PBXFileReference; lastKnownFileType = sourcecode.c.h; path = AppDelegate.h; sourceTree = "<group>"; };
		84E4FA4B1F60F92B00B5BF38 /* AppDelegate.m */ = {isa = PBXFileReference; lastKnownFileType = sourcecode.c.objc; path = AppDelegate.m; sourceTree = "<group>"; };
		84E4FA4D1F60F92B00B5BF38 /* ViewController.h */ = {isa = PBXFileReference; lastKnownFileType = sourcecode.c.h; path = ViewController.h; sourceTree = "<group>"; };
		84E4FA4E1F60F92B00B5BF38 /* ViewController.m */ = {isa = PBXFileReference; lastKnownFileType = sourcecode.c.objc; path = ViewController.m; sourceTree = "<group>"; };
		84E4FA511F60F92B00B5BF38 /* Base */ = {isa = PBXFileReference; lastKnownFileType = file.storyboard; name = Base; path = Base.lproj/Main.storyboard; sourceTree = "<group>"; };
		84E4FA531F60F92B00B5BF38 /* Assets.xcassets */ = {isa = PBXFileReference; lastKnownFileType = folder.assetcatalog; path = Assets.xcassets; sourceTree = "<group>"; };
		84E4FA561F60F92B00B5BF38 /* Base */ = {isa = PBXFileReference; lastKnownFileType = file.storyboard; name = Base; path = Base.lproj/LaunchScreen.storyboard; sourceTree = "<group>"; };
		84E4FA581F60F92B00B5BF38 /* Info.plist */ = {isa = PBXFileReference; lastKnownFileType = text.plist.xml; path = Info.plist; sourceTree = "<group>"; };
		84E4FA5E1F60F94A00B5BF38 /* TableViewA.h */ = {isa = PBXFileReference; fileEncoding = 4; lastKnownFileType = sourcecode.c.h; path = TableViewA.h; sourceTree = "<group>"; };
		84E4FA5F1F60F94A00B5BF38 /* TableViewA.m */ = {isa = PBXFileReference; fileEncoding = 4; lastKnownFileType = sourcecode.c.objc; path = TableViewA.m; sourceTree = "<group>"; };
		84E4FA611F60F95900B5BF38 /* TableViewB.h */ = {isa = PBXFileReference; fileEncoding = 4; lastKnownFileType = sourcecode.c.h; path = TableViewB.h; sourceTree = "<group>"; };
		84E4FA621F60F95900B5BF38 /* TableViewB.m */ = {isa = PBXFileReference; fileEncoding = 4; lastKnownFileType = sourcecode.c.objc; path = TableViewB.m; sourceTree = "<group>"; };
		84E4FA641F6105A200B5BF38 /* TwoTableView-Prefix.pch */ = {isa = PBXFileReference; lastKnownFileType = sourcecode.c.h; path = "TwoTableView-Prefix.pch"; sourceTree = "<group>"; };
		84E4FA651F61149F00B5BF38 /* DayTitleView.h */ = {isa = PBXFileReference; fileEncoding = 4; lastKnownFileType = sourcecode.c.h; path = DayTitleView.h; sourceTree = "<group>"; };
		84E4FA661F61149F00B5BF38 /* DayTitleView.m */ = {isa = PBXFileReference; fileEncoding = 4; lastKnownFileType = sourcecode.c.objc; path = DayTitleView.m; sourceTree = "<group>"; };
/* End PBXFileReference section */

/* Begin PBXFrameworksBuildPhase section */
		84E4FA411F60F92B00B5BF38 /* Frameworks */ = {
			isa = PBXFrameworksBuildPhase;
			buildActionMask = 2147483647;
			files = (
			);
			runOnlyForDeploymentPostprocessing = 0;
		};
/* End PBXFrameworksBuildPhase section */

/* Begin PBXGroup section */
		84E4FA3B1F60F92B00B5BF38 = {
			isa = PBXGroup;
			children = (
				84E4FA461F60F92B00B5BF38 /* TwoTableView */,
				84E4FA451F60F92B00B5BF38 /* Products */,
			);
			sourceTree = "<group>";
		};
		84E4FA451F60F92B00B5BF38 /* Products */ = {
			isa = PBXGroup;
			children = (
				84E4FA441F60F92B00B5BF38 /* TwoTableView.app */,
			);
			name = Products;
			sourceTree = "<group>";
		};
		84E4FA461F60F92B00B5BF38 /* TwoTableView */ = {
			isa = PBXGroup;
			children = (
				84E4FA4A1F60F92B00B5BF38 /* AppDelegate.h */,
				84E4FA4B1F60F92B00B5BF38 /* AppDelegate.m */,
				84E4FA4D1F60F92B00B5BF38 /* ViewController.h */,
				84E4FA4E1F60F92B00B5BF38 /* ViewController.m */,
				84E4FA651F61149F00B5BF38 /* DayTitleView.h */,
				84E4FA661F61149F00B5BF38 /* DayTitleView.m */,
				84E4FA5E1F60F94A00B5BF38 /* TableViewA.h */,
				84E4FA5F1F60F94A00B5BF38 /* TableViewA.m */,
				84E4FA611F60F95900B5BF38 /* TableViewB.h */,
				84E4FA621F60F95900B5BF38 /* TableViewB.m */,
				84E4FA501F60F92B00B5BF38 /* Main.storyboard */,
				84E4FA531F60F92B00B5BF38 /* Assets.xcassets */,
				84E4FA551F60F92B00B5BF38 /* LaunchScreen.storyboard */,
				84E4FA581F60F92B00B5BF38 /* Info.plist */,
				84E4FA471F60F92B00B5BF38 /* Supporting Files */,
			);
			path = TwoTableView;
			sourceTree = "<group>";
		};
		84E4FA471F60F92B00B5BF38 /* Supporting Files */ = {
			isa = PBXGroup;
			children = (
				84E4FA481F60F92B00B5BF38 /* main.m */,
				84E4FA641F6105A200B5BF38 /* TwoTableView-Prefix.pch */,
			);
			name = "Supporting Files";
			sourceTree = "<group>";
		};
/* End PBXGroup section */

/* Begin PBXNativeTarget section */
		84E4FA431F60F92B00B5BF38 /* TwoTableView */ = {
			isa = PBXNativeTarget;
			buildConfigurationList = 84E4FA5B1F60F92B00B5BF38 /* Build configuration list for PBXNativeTarget "TwoTableView" */;
			buildPhases = (
				84E4FA401F60F92B00B5BF38 /* Sources */,
				84E4FA411F60F92B00B5BF38 /* Frameworks */,
				84E4FA421F60F92B00B5BF38 /* Resources */,
			);
			buildRules = (
			);
			dependencies = (
			);
			name = TwoTableView;
			productName = TwoTableView;
			productReference = 84E4FA441F60F92B00B5BF38 /* TwoTableView.app */;
			productType = "com.apple.product-type.application";
		};
/* End PBXNativeTarget section */

/* Begin PBXProject section */
		84E4FA3C1F60F92B00B5BF38 /* Project object */ = {
			isa = PBXProject;
			attributes = {
				LastUpgradeCheck = 0830;
				ORGANIZATIONNAME = MccRee;
				TargetAttributes = {
					84E4FA431F60F92B00B5BF38 = {
						CreatedOnToolsVersion = 8.3.3;
						DevelopmentTeam = S2M9W9G946;
						ProvisioningStyle = Automatic;
					};
				};
			};
			buildConfigurationList = 84E4FA3F1F60F92B00B5BF38 /* Build configuration list for PBXProject "TwoTableView" */;
			compatibilityVersion = "Xcode 3.2";
			developmentRegion = English;
			hasScannedForEncodings = 0;
			knownRegions = (
				en,
				Base,
			);
			mainGroup = 84E4FA3B1F60F92B00B5BF38;
			productRefGroup = 84E4FA451F60F92B00B5BF38 /* Products */;
			projectDirPath = "";
			projectRoot = "";
			targets = (
				84E4FA431F60F92B00B5BF38 /* TwoTableView */,
			);
		};
/* End PBXProject section */

/* Begin PBXResourcesBuildPhase section */
		84E4FA421F60F92B00B5BF38 /* Resources */ = {
			isa = PBXResourcesBuildPhase;
			buildActionMask = 2147483647;
			files = (
				84E4FA571F60F92B00B5BF38 /* LaunchScreen.storyboard in Resources */,
				84E4FA541F60F92B00B5BF38 /* Assets.xcassets in Resources */,
				84E4FA521F60F92B00B5BF38 /* Main.storyboard in Resources */,
			);
			runOnlyForDeploymentPostprocessing = 0;
		};
/* End PBXResourcesBuildPhase section */

/* Begin PBXSourcesBuildPhase section */
		84E4FA401F60F92B00B5BF38 /* Sources */ = {
			isa = PBXSourcesBuildPhase;
			buildActionMask = 2147483647;
			files = (
				84E4FA671F61149F00B5BF38 /* DayTitleView.m in Sources */,
				84E4FA631F60F95900B5BF38 /* TableViewB.m in Sources */,
				84E4FA4F1F60F92B00B5BF38 /* ViewController.m in Sources */,
				84E4FA4C1F60F92B00B5BF38 /* AppDelegate.m in Sources */,
				84E4FA491F60F92B00B5BF38 /* main.m in Sources */,
				84E4FA601F60F94A00B5BF38 /* TableViewA.m in Sources */,
			);
			runOnlyForDeploymentPostprocessing = 0;
		};
/* End PBXSourcesBuildPhase section */

/* Begin PBXVariantGroup section */
		84E4FA501F60F92B00B5BF38 /* Main.storyboard */ = {
			isa = PBXVariantGroup;
			children = (
				84E4FA511F60F92B00B5BF38 /* Base */,
			);
			name = Main.storyboard;
			sourceTree = "<group>";
		};
		84E4FA551F60F92B00B5BF38 /* LaunchScreen.storyboard */ = {
			isa = PBXVariantGroup;
			children = (
				84E4FA561F60F92B00B5BF38 /* Base */,
			);
			name = LaunchScreen.storyboard;
			sourceTree = "<group>";
		};
/* End PBXVariantGroup section */

/* Begin XCBuildConfiguration section */
		84E4FA591F60F92B00B5BF38 /* Debug */ = {
			isa = XCBuildConfiguration;
			buildSettings = {
				ALWAYS_SEARCH_USER_PATHS = NO;
				CLANG_ANALYZER_NONNULL = YES;
				CLANG_ANALYZER_NUMBER_OBJECT_CONVERSION = YES_AGGRESSIVE;
				CLANG_CXX_LANGUAGE_STANDARD = "gnu++0x";
				CLANG_CXX_LIBRARY = "libc++";
				CLANG_ENABLE_MODULES = YES;
				CLANG_ENABLE_OBJC_ARC = YES;
				CLANG_WARN_BOOL_CONVERSION = YES;
				CLANG_WARN_CONSTANT_CONVERSION = YES;
				CLANG_WARN_DIRECT_OBJC_ISA_USAGE = YES_ERROR;
				CLANG_WARN_DOCUMENTATION_COMMENTS = YES;
				CLANG_WARN_EMPTY_BODY = YES;
				CLANG_WARN_ENUM_CONVERSION = YES;
				CLANG_WARN_INFINITE_RECURSION = YES;
				CLANG_WARN_INT_CONVERSION = YES;
				CLANG_WARN_OBJC_ROOT_CLASS = YES_ERROR;
				CLANG_WARN_SUSPICIOUS_MOVE = YES;
				CLANG_WARN_UNREACHABLE_CODE = YES;
				CLANG_WARN__DUPLICATE_METHOD_MATCH = YES;
				"CODE_SIGN_IDENTITY[sdk=iphoneos*]" = "iPhone Developer";
				COPY_PHASE_STRIP = NO;
				DEBUG_INFORMATION_FORMAT = dwarf;
				ENABLE_STRICT_OBJC_MSGSEND = YES;
				ENABLE_TESTABILITY = YES;
				GCC_C_LANGUAGE_STANDARD = gnu99;
				GCC_DYNAMIC_NO_PIC = NO;
				GCC_NO_COMMON_BLOCKS = YES;
				GCC_OPTIMIZATION_LEVEL = 0;
				GCC_PREPROCESSOR_DEFINITIONS = (
					"DEBUG=1",
					"$(inherited)",
				);
				GCC_WARN_64_TO_32_BIT_CONVERSION = YES;
				GCC_WARN_ABOUT_RETURN_TYPE = YES_ERROR;
				GCC_WARN_UNDECLARED_SELECTOR = YES;
				GCC_WARN_UNINITIALIZED_AUTOS = YES_AGGRESSIVE;
				GCC_WARN_UNUSED_FUNCTION = YES;
				GCC_WARN_UNUSED_VARIABLE = YES;
				IPHONEOS_DEPLOYMENT_TARGET = 10.3;
				MTL_ENABLE_DEBUG_INFO = YES;
				ONLY_ACTIVE_ARCH = YES;
				SDKROOT = iphoneos;
			};
			name = Debug;
		};
		84E4FA5A1F60F92B00B5BF38 /* Release */ = {
			isa = XCBuildConfiguration;
			buildSettings = {
				ALWAYS_SEARCH_USER_PATHS = NO;
				CLANG_ANALYZER_NONNULL = YES;
				CLANG_ANALYZER_NUMBER_OBJECT_CONVERSION = YES_AGGRESSIVE;
				CLANG_CXX_LANGUAGE_STANDARD = "gnu++0x";
				CLANG_CXX_LIBRARY = "libc++";
				CLANG_ENABLE_MODULES = YES;
				CLANG_ENABLE_OBJC_ARC = YES;
				CLANG_WARN_BOOL_CONVERSION = YES;
				CLANG_WARN_CONSTANT_CONVERSION = YES;
				CLANG_WARN_DIRECT_OBJC_ISA_USAGE = YES_ERROR;
				CLANG_WARN_DOCUMENTATION_COMMENTS = YES;
				CLANG_WARN_EMPTY_BODY = YES;
				CLANG_WARN_ENUM_CONVERSION = YES;
				CLANG_WARN_INFINITE_RECURSION = YES;
				CLANG_WARN_INT_CONVERSION = YES;
				CLANG_WARN_OBJC_ROOT_CLASS = YES_ERROR;
				CLANG_WARN_SUSPICIOUS_MOVE = YES;
				CLANG_WARN_UNREACHABLE_CODE = YES;
				CLANG_WARN__DUPLICATE_METHOD_MATCH = YES;
				"CODE_SIGN_IDENTITY[sdk=iphoneos*]" = "iPhone Developer";
				COPY_PHASE_STRIP = NO;
				DEBUG_INFORMATION_FORMAT = "dwarf-with-dsym";
				ENABLE_NS_ASSERTIONS = NO;
				ENABLE_STRICT_OBJC_MSGSEND = YES;
				GCC_C_LANGUAGE_STANDARD = gnu99;
				GCC_NO_COMMON_BLOCKS = YES;
				GCC_WARN_64_TO_32_BIT_CONVERSION = YES;
				GCC_WARN_ABOUT_RETURN_TYPE = YES_ERROR;
				GCC_WARN_UNDECLARED_SELECTOR = YES;
				GCC_WARN_UNINITIALIZED_AUTOS = YES_AGGRESSIVE;
				GCC_WARN_UNUSED_FUNCTION = YES;
				GCC_WARN_UNUSED_VARIABLE = YES;
				IPHONEOS_DEPLOYMENT_TARGET = 10.3;
				MTL_ENABLE_DEBUG_INFO = NO;
				SDKROOT = iphoneos;
				VALIDATE_PRODUCT = YES;
			};
			name = Release;
		};
		84E4FA5C1F60F92B00B5BF38 /* Debug */ = {
			isa = XCBuildConfiguration;
			buildSettings = {
				ASSETCATALOG_COMPILER_APPICON_NAME = AppIcon;
				DEVELOPMENT_TEAM = S2M9W9G946;
				INFOPLIST_FILE = TwoTableView/Info.plist;
				LD_RUNPATH_SEARCH_PATHS = "$(inherited) @executable_path/Frameworks";
				PRODUCT_BUNDLE_IDENTIFIER = mccRee.TwoTableView;
				PRODUCT_NAME = "$(TARGET_NAME)";
			};
			name = Debug;
		};
		84E4FA5D1F60F92B00B5BF38 /* Release */ = {
			isa = XCBuildConfiguration;
			buildSettings = {
				ASSETCATALOG_COMPILER_APPICON_NAME = AppIcon;
				DEVELOPMENT_TEAM = S2M9W9G946;
				INFOPLIST_FILE = TwoTableView/Info.plist;
				LD_RUNPATH_SEARCH_PATHS = "$(inherited) @executable_path/Frameworks";
				PRODUCT_BUNDLE_IDENTIFIER = mccRee.TwoTableView;
				PRODUCT_NAME = "$(TARGET_NAME)";
			};
			name = Release;
		};
/* End XCBuildConfiguration section */

/* Begin XCConfigurationList section */
		84E4FA3F1F60F92B00B5BF38 /* Build configuration list for PBXProject "TwoTableView" */ = {
			isa = XCConfigurationList;
			buildConfigurations = (
				84E4FA591F60F92B00B5BF38 /* Debug */,
				84E4FA5A1F60F92B00B5BF38 /* Release */,
			);
			defaultConfigurationIsVisible = 0;
			defaultConfigurationName = Release;
		};
		84E4FA5B1F60F92B00B5BF38 /* Build configuration list for PBXNativeTarget "TwoTableView" */ = {
			isa = XCConfigurationList;
			buildConfigurations = (
				84E4FA5C1F60F92B00B5BF38 /* Debug */,
				84E4FA5D1F60F92B00B5BF38 /* Release */,
			);
			defaultConfigurationIsVisible = 0;
			defaultConfigurationName = Release;
		};
/* End XCConfigurationList section */
	};
	rootObject = 84E4FA3C1F60F92B00B5BF38 /* Project object */;
}
